// !$*UTF8*$!
{
	archiveVersion = 1;
	classes = {
	};
	objectVersion = 46;
	objects = {

/* Begin PBXBuildFile section */
		0207DA581B56EA530066E2B4 /* Images.xcassets in Resources */ = {isa = PBXBuildFile; fileRef = 0207DA571B56EA530066E2B4 /* Images.xcassets */; };
		0C57CBA7CC8C434298F0334D /* CDVCapture.bundle in Resources */ = {isa = PBXBuildFile; fileRef = 0B78696CC1774FBEB1431A70 /* CDVCapture.bundle */; };
		139611A07F4446CA8A56D5E8 /* CDVContacts.m in Sources */ = {isa = PBXBuildFile; fileRef = 5A9B560BE588443892F782A3 /* CDVContacts.m */; };
		1900192779A04896B26086AD /* CDVVibration.m in Sources */ = {isa = PBXBuildFile; fileRef = 0A4597956694424299A9A249 /* CDVVibration.m */; };
		1A0D147109DF48D49980C2CA /* CDVLogger.m in Sources */ = {isa = PBXBuildFile; fileRef = B6A8436173B243438819EBD0 /* CDVLogger.m */; };
		1D3623260D0F684500981E51 /* AppDelegate.m in Sources */ = {isa = PBXBuildFile; fileRef = 1D3623250D0F684500981E51 /* AppDelegate.m */; };
		1D60589B0D05DD56006BFB54 /* main.m in Sources */ = {isa = PBXBuildFile; fileRef = 29B97316FDCFA39411CA2CEA /* main.m */; };
		1FA561779066499B9DC49AFA /* CDVFile.m in Sources */ = {isa = PBXBuildFile; fileRef = B7B47BAD2FAB4CF7812F493E /* CDVFile.m */; };
		26DA89FC182E4B3097B77ACD /* UIImage+CropScaleOrientation.m in Sources */ = {isa = PBXBuildFile; fileRef = E1718CD6499A48C7960AA75E /* UIImage+CropScaleOrientation.m */; };
		2EF6115FDE944B9E8CCE1158 /* CDVLocation.m in Sources */ = {isa = PBXBuildFile; fileRef = 74F4F32E0866456B98152473 /* CDVLocation.m */; };
		301BF552109A68D80062928A /* libCordova.a in Frameworks */ = {isa = PBXBuildFile; fileRef = 301BF535109A57CC0062928A /* libCordova.a */; };
		302D95F114D2391D003F00A1 /* MainViewController.m in Sources */ = {isa = PBXBuildFile; fileRef = 302D95EF14D2391D003F00A1 /* MainViewController.m */; };
		302D95F214D2391D003F00A1 /* MainViewController.xib in Resources */ = {isa = PBXBuildFile; fileRef = 302D95F014D2391D003F00A1 /* MainViewController.xib */; };
		33146382FBCA436A97C688E6 /* CoreMotion.framework in Frameworks */ = {isa = PBXBuildFile; fileRef = 36E56BDADE184EF1AE745AF1 /* CoreMotion.framework */; };
		4AC5F77E000C4908B224ADC4 /* CDVStatusBar.m in Sources */ = {isa = PBXBuildFile; fileRef = 7655F29753E74563BF3ACF1B /* CDVStatusBar.m */; };
		4C2CE104E9524763A66938EB /* CDVFileTransfer.m in Sources */ = {isa = PBXBuildFile; fileRef = 628160066A104EA0BE6D48FA /* CDVFileTransfer.m */; };
		63055809111F49E6A5406FEE /* AddressBook.framework in Frameworks */ = {isa = PBXBuildFile; fileRef = 22CE687F5D974B11B624DD43 /* AddressBook.framework */; settings = {ATTRIBUTES = (Weak, ); }; };
		6AFF5BF91D6E424B00AB3073 /* CDVLaunchScreen.storyboard in Resources */ = {isa = PBXBuildFile; fileRef = 6AFF5BF81D6E424B00AB3073 /* CDVLaunchScreen.storyboard */; };
		74516FC2B2094948AFCFF587 /* AVFoundation.framework in Frameworks */ = {isa = PBXBuildFile; fileRef = 226CE6BBAB0F42349CED2152 /* AVFoundation.framework */; };
		9A52CC445F93438F9245964F /* CoreLocation.framework in Frameworks */ = {isa = PBXBuildFile; fileRef = 0B4927CDD5D0429A8F588D7B /* CoreLocation.framework */; };
		A00C4F50473D440DB6F35D26 /* CDVContact.m in Sources */ = {isa = PBXBuildFile; fileRef = E548165FB90D4DA2B9D0DB27 /* CDVContact.m */; };
		A50A76B3E09A4074BA44BBA5 /* CDVJpegHeaderWriter.m in Sources */ = {isa = PBXBuildFile; fileRef = 4CDF58C493514AF5BB53E38D /* CDVJpegHeaderWriter.m */; };
		A5201B66A33948A1AC542DDA /* CoreTelephony.framework in Frameworks */ = {isa = PBXBuildFile; fileRef = 222FD402BAF14B48AFC2E3C3 /* CoreTelephony.framework */; };
		AC05FD7BB96B4C77908C749D /* AddressBookUI.framework in Frameworks */ = {isa = PBXBuildFile; fileRef = 4E0C3CEEF3E7442C819ABB94 /* AddressBookUI.framework */; settings = {ATTRIBUTES = (Weak, ); }; };
		B2429AFB5962459DB4ECCD1A /* CDVCamera.m in Sources */ = {isa = PBXBuildFile; fileRef = E66E99B48D3A46F4B0412328 /* CDVCamera.m */; };
		B47F8AF719F8415E8EA672C3 /* CDVGlobalization.m in Sources */ = {isa = PBXBuildFile; fileRef = 92A4D685E4A249A591DE5880 /* CDVGlobalization.m */; };
		BC43D2E33E664D5DBC783F4A /* libz.tbd in Frameworks */ = {isa = PBXBuildFile; fileRef = A8C6842F19E44BDABEBAD8C2 /* libz.tbd */; };
		BCD8A8CBC8FC465991C7E033 /* AudioToolbox.framework in Frameworks */ = {isa = PBXBuildFile; fileRef = 9A25886CECA94353B7FF5922 /* AudioToolbox.framework */; settings = {ATTRIBUTES = (Weak, ); }; };
		C3E5527A79B842E299B50221 /* CDVNotification.bundle in Resources */ = {isa = PBXBuildFile; fileRef = EDB2A15E9F2640619FD0759C /* CDVNotification.bundle */; };
		C6DBBCE6AFAA4B6FA3597D68 /* CDVConnection.m in Sources */ = {isa = PBXBuildFile; fileRef = E8A7EEDB3AC141598641271A /* CDVConnection.m */; };
		C8EFECD20D89435EA0A9EB51 /* CDVAssetLibraryFilesystem.m in Sources */ = {isa = PBXBuildFile; fileRef = 0D418E3854E24A64B32458E5 /* CDVAssetLibraryFilesystem.m */; };
		CA34A9DC345A45FE97463480 /* CDVNotification.m in Sources */ = {isa = PBXBuildFile; fileRef = 9CF246033680422EA5AC385B /* CDVNotification.m */; };
		CB8C3D2AB78E44659EF69340 /* CDVInAppBrowser.m in Sources */ = {isa = PBXBuildFile; fileRef = 0EA87ED1EBF4497CB68B792B /* CDVInAppBrowser.m */; };
		CBDF66E237674BAFAC789593 /* ImageIO.framework in Frameworks */ = {isa = PBXBuildFile; fileRef = F081C20307E34BD4BF4DEAC8 /* ImageIO.framework */; settings = {ATTRIBUTES = (Weak, ); }; };
		CC754510781B4C3B9C3888E7 /* CDVLocalFilesystem.m in Sources */ = {isa = PBXBuildFile; fileRef = 4557A0A8C5264CA1B373F960 /* CDVLocalFilesystem.m */; };
		D225846DB7134A1DAF6E1E1F /* CDVDevice.m in Sources */ = {isa = PBXBuildFile; fileRef = 1E680DBEB3F148DAAC9428E9 /* CDVDevice.m */; };
		D47E9F0AA94C43F08783CA7F /* CDVSound.m in Sources */ = {isa = PBXBuildFile; fileRef = 3C1C21B088704784B9E6D8EA /* CDVSound.m */; };
		DF9DAB8E0DB4497F996DCFCC /* CDVCapture.m in Sources */ = {isa = PBXBuildFile; fileRef = 3D83E25EE33C47E2A3F132D1 /* CDVCapture.m */; };
		E558878ABDDB4E82914F925D /* CDVSplashScreen.m in Sources */ = {isa = PBXBuildFile; fileRef = 01EFFFCDD5E942D2949ED29C /* CDVSplashScreen.m */; };
		EAABABDD287A4092A61EB47F /* CDVAccelerometer.m in Sources */ = {isa = PBXBuildFile; fileRef = 256237485BB348C892D0089B /* CDVAccelerometer.m */; };
		EBC71B913AC34E8FAFDCBE8D /* CDVBattery.m in Sources */ = {isa = PBXBuildFile; fileRef = CAC2CAA6C7E04C75974E8CA8 /* CDVBattery.m */; };
		F2B2F80A8E914A95A5E66344 /* CDVCompass.m in Sources */ = {isa = PBXBuildFile; fileRef = 58E4D844855E490CB381ECA2 /* CDVCompass.m */; };
		F55AAE4C86E14DFFA5B28558 /* CDVViewController+SplashScreen.m in Sources */ = {isa = PBXBuildFile; fileRef = 7DE1C19F8B1D4284B932F30F /* CDVViewController+SplashScreen.m */; };
		F6F754D8A65145AEABFEC248 /* SystemConfiguration.framework in Frameworks */ = {isa = PBXBuildFile; fileRef = 9F184C9377DA4531A3BE33B9 /* SystemConfiguration.framework */; settings = {ATTRIBUTES = (Weak, ); }; };
		F80532A216B04DCF843FE95F /* CDVReachability.m in Sources */ = {isa = PBXBuildFile; fileRef = 2601115BA53A44339EA7BF63 /* CDVReachability.m */; };
/* End PBXBuildFile section */

/* Begin PBXContainerItemProxy section */
		301BF534109A57CC0062928A /* PBXContainerItemProxy */ = {
			isa = PBXContainerItemProxy;
			containerPortal = 301BF52D109A57CC0062928A /* CordovaLib/CordovaLib.xcodeproj */;
			proxyType = 2;
			remoteGlobalIDString = D2AAC07E0554694100DB518D;
			remoteInfo = CordovaLib;
		};
		301BF550109A68C00062928A /* PBXContainerItemProxy */ = {
			isa = PBXContainerItemProxy;
			containerPortal = 301BF52D109A57CC0062928A /* CordovaLib/CordovaLib.xcodeproj */;
			proxyType = 1;
			remoteGlobalIDString = D2AAC07D0554694100DB518D;
			remoteInfo = CordovaLib;
		};
		DA6C2583206811AC0056DC7F /* PBXContainerItemProxy */ = {
			isa = PBXContainerItemProxy;
			containerPortal = 301BF52D109A57CC0062928A /* CordovaLib/CordovaLib.xcodeproj */;
			proxyType = 2;
			remoteGlobalIDString = C0C01EB21E3911D50056E6CB;
			remoteInfo = Cordova;
		};
/* End PBXContainerItemProxy section */

/* Begin PBXFileReference section */
		01EFFFCDD5E942D2949ED29C /* CDVSplashScreen.m */ = {isa = PBXFileReference; explicitFileType = undefined; fileEncoding = 4; includeInIndex = 0; lastKnownFileType = sourcecode.c.objc; name = CDVSplashScreen.m; path = "cordova-plugin-splashscreen/CDVSplashScreen.m"; sourceTree = "<group>"; };
		0207DA571B56EA530066E2B4 /* Images.xcassets */ = {isa = PBXFileReference; lastKnownFileType = folder.assetcatalog; name = Images.xcassets; path = hello/Images.xcassets; sourceTree = SOURCE_ROOT; };
		0A4597956694424299A9A249 /* CDVVibration.m */ = {isa = PBXFileReference; explicitFileType = undefined; fileEncoding = 4; includeInIndex = 0; lastKnownFileType = sourcecode.c.objc; name = CDVVibration.m; path = "cordova-plugin-vibration/CDVVibration.m"; sourceTree = "<group>"; };
		0B4927CDD5D0429A8F588D7B /* CoreLocation.framework */ = {isa = PBXFileReference; explicitFileType = undefined; fileEncoding = 9; includeInIndex = 0; lastKnownFileType = wrapper.framework; name = CoreLocation.framework; path = System/Library/Frameworks/CoreLocation.framework; sourceTree = SDKROOT; };
		0B78696CC1774FBEB1431A70 /* CDVCapture.bundle */ = {isa = PBXFileReference; explicitFileType = undefined; fileEncoding = 9; includeInIndex = 0; lastKnownFileType = "wrapper.plug-in"; path = CDVCapture.bundle; sourceTree = "<group>"; };
		0D418E3854E24A64B32458E5 /* CDVAssetLibraryFilesystem.m */ = {isa = PBXFileReference; explicitFileType = undefined; fileEncoding = 4; includeInIndex = 0; lastKnownFileType = sourcecode.c.objc; name = CDVAssetLibraryFilesystem.m; path = "cordova-plugin-file/CDVAssetLibraryFilesystem.m"; sourceTree = "<group>"; };
		0EA87ED1EBF4497CB68B792B /* CDVInAppBrowser.m */ = {isa = PBXFileReference; explicitFileType = undefined; fileEncoding = 4; includeInIndex = 0; lastKnownFileType = sourcecode.c.objc; name = CDVInAppBrowser.m; path = "cordova-plugin-inappbrowser/CDVInAppBrowser.m"; sourceTree = "<group>"; };
		0F345FD8F13A4F6C87EAE331 /* CDVSplashScreen.h */ = {isa = PBXFileReference; explicitFileType = undefined; fileEncoding = 4; includeInIndex = 0; lastKnownFileType = sourcecode.c.h; name = CDVSplashScreen.h; path = "cordova-plugin-splashscreen/CDVSplashScreen.h"; sourceTree = "<group>"; };
		107293DA65F94C6282EB63AB /* CDVCapture.h */ = {isa = PBXFileReference; explicitFileType = undefined; fileEncoding = 4; includeInIndex = 0; lastKnownFileType = sourcecode.c.h; name = CDVCapture.h; path = "cordova-plugin-media-capture/CDVCapture.h"; sourceTree = "<group>"; };
		173CC84B7ECF4E69ACE5DE9C /* CDVLocalFilesystem.h */ = {isa = PBXFileReference; explicitFileType = undefined; fileEncoding = 4; includeInIndex = 0; lastKnownFileType = sourcecode.c.h; name = CDVLocalFilesystem.h; path = "cordova-plugin-file/CDVLocalFilesystem.h"; sourceTree = "<group>"; };
		191F54EC44CC47B3B097C392 /* CDVAssetLibraryFilesystem.h */ = {isa = PBXFileReference; explicitFileType = undefined; fileEncoding = 4; includeInIndex = 0; lastKnownFileType = sourcecode.c.h; name = CDVAssetLibraryFilesystem.h; path = "cordova-plugin-file/CDVAssetLibraryFilesystem.h"; sourceTree = "<group>"; };
		1D3623240D0F684500981E51 /* AppDelegate.h */ = {isa = PBXFileReference; fileEncoding = 4; lastKnownFileType = sourcecode.c.h; path = AppDelegate.h; sourceTree = "<group>"; };
		1D3623250D0F684500981E51 /* AppDelegate.m */ = {isa = PBXFileReference; fileEncoding = 4; lastKnownFileType = sourcecode.c.objc; path = AppDelegate.m; sourceTree = "<group>"; };
		1D6058910D05DD3D006BFB54 /* hello.app */ = {isa = PBXFileReference; explicitFileType = wrapper.application; includeInIndex = 0; path = hello.app; sourceTree = BUILT_PRODUCTS_DIR; };
		1E680DBEB3F148DAAC9428E9 /* CDVDevice.m */ = {isa = PBXFileReference; explicitFileType = undefined; fileEncoding = 4; includeInIndex = 0; lastKnownFileType = sourcecode.c.objc; name = CDVDevice.m; path = "cordova-plugin-device/CDVDevice.m"; sourceTree = "<group>"; };
		222FD402BAF14B48AFC2E3C3 /* CoreTelephony.framework */ = {isa = PBXFileReference; explicitFileType = undefined; fileEncoding = 9; includeInIndex = 0; lastKnownFileType = wrapper.framework; name = CoreTelephony.framework; path = System/Library/Frameworks/CoreTelephony.framework; sourceTree = SDKROOT; };
		226CE6BBAB0F42349CED2152 /* AVFoundation.framework */ = {isa = PBXFileReference; explicitFileType = undefined; fileEncoding = 9; includeInIndex = 0; lastKnownFileType = wrapper.framework; name = AVFoundation.framework; path = System/Library/Frameworks/AVFoundation.framework; sourceTree = SDKROOT; };
		22CE687F5D974B11B624DD43 /* AddressBook.framework */ = {isa = PBXFileReference; explicitFileType = undefined; fileEncoding = 9; includeInIndex = 0; lastKnownFileType = wrapper.framework; name = AddressBook.framework; path = System/Library/Frameworks/AddressBook.framework; sourceTree = SDKROOT; };
		235BE2DA859E4A55B65AA61C /* CDVContact.h */ = {isa = PBXFileReference; explicitFileType = undefined; fileEncoding = 4; includeInIndex = 0; lastKnownFileType = sourcecode.c.h; name = CDVContact.h; path = "cordova-plugin-contacts/CDVContact.h"; sourceTree = "<group>"; };
		256237485BB348C892D0089B /* CDVAccelerometer.m */ = {isa = PBXFileReference; explicitFileType = undefined; fileEncoding = 4; includeInIndex = 0; lastKnownFileType = sourcecode.c.objc; name = CDVAccelerometer.m; path = "cordova-plugin-device-motion/CDVAccelerometer.m"; sourceTree = "<group>"; };
		2601115BA53A44339EA7BF63 /* CDVReachability.m */ = {isa = PBXFileReference; explicitFileType = undefined; fileEncoding = 4; includeInIndex = 0; lastKnownFileType = sourcecode.c.objc; name = CDVReachability.m; path = "cordova-plugin-network-information/CDVReachability.m"; sourceTree = "<group>"; };
		29B97316FDCFA39411CA2CEA /* main.m */ = {isa = PBXFileReference; fileEncoding = 4; lastKnownFileType = sourcecode.c.objc; path = main.m; sourceTree = "<group>"; };
		301BF52D109A57CC0062928A /* CordovaLib/CordovaLib.xcodeproj */ = {isa = PBXFileReference; lastKnownFileType = "wrapper.pb-project"; path = CordovaLib/CordovaLib.xcodeproj; sourceTree = "<group>"; };
		301BF56E109A69640062928A /* www */ = {isa = PBXFileReference; lastKnownFileType = folder; path = www; sourceTree = SOURCE_ROOT; };
		302D95EE14D2391D003F00A1 /* MainViewController.h */ = {isa = PBXFileReference; fileEncoding = 4; lastKnownFileType = sourcecode.c.h; path = MainViewController.h; sourceTree = "<group>"; };
		302D95EF14D2391D003F00A1 /* MainViewController.m */ = {isa = PBXFileReference; fileEncoding = 4; lastKnownFileType = sourcecode.c.objc; path = MainViewController.m; sourceTree = "<group>"; };
		302D95F014D2391D003F00A1 /* MainViewController.xib */ = {isa = PBXFileReference; fileEncoding = 4; lastKnownFileType = file.xib; path = MainViewController.xib; sourceTree = "<group>"; };
		3047A50F1AB8059700498E2A /* build-debug.xcconfig */ = {isa = PBXFileReference; fileEncoding = 4; lastKnownFileType = text.xcconfig; name = "build-debug.xcconfig"; path = "cordova/build-debug.xcconfig"; sourceTree = SOURCE_ROOT; };
		3047A5101AB8059700498E2A /* build-release.xcconfig */ = {isa = PBXFileReference; fileEncoding = 4; lastKnownFileType = text.xcconfig; name = "build-release.xcconfig"; path = "cordova/build-release.xcconfig"; sourceTree = SOURCE_ROOT; };
		3047A5111AB8059700498E2A /* build.xcconfig */ = {isa = PBXFileReference; fileEncoding = 4; lastKnownFileType = text.xcconfig; name = build.xcconfig; path = cordova/build.xcconfig; sourceTree = SOURCE_ROOT; };
		31C19BB1D388492F9AEDB882 /* CDVFileTransfer.h */ = {isa = PBXFileReference; explicitFileType = undefined; fileEncoding = 4; includeInIndex = 0; lastKnownFileType = sourcecode.c.h; name = CDVFileTransfer.h; path = "cordova-plugin-file-transfer/CDVFileTransfer.h"; sourceTree = "<group>"; };
		32CA4F630368D1EE00C91783 /* hello-Prefix.pch */ = {isa = PBXFileReference; fileEncoding = 4; lastKnownFileType = sourcecode.c.h; path = "hello-Prefix.pch"; sourceTree = "<group>"; };
		36E56BDADE184EF1AE745AF1 /* CoreMotion.framework */ = {isa = PBXFileReference; explicitFileType = undefined; fileEncoding = 9; includeInIndex = 0; lastKnownFileType = wrapper.framework; name = CoreMotion.framework; path = System/Library/Frameworks/CoreMotion.framework; sourceTree = SDKROOT; };
		39805F52F0714288A1587C9E /* CDVVibration.h */ = {isa = PBXFileReference; explicitFileType = undefined; fileEncoding = 4; includeInIndex = 0; lastKnownFileType = sourcecode.c.h; name = CDVVibration.h; path = "cordova-plugin-vibration/CDVVibration.h"; sourceTree = "<group>"; };
		3C1C21B088704784B9E6D8EA /* CDVSound.m */ = {isa = PBXFileReference; explicitFileType = undefined; fileEncoding = 4; includeInIndex = 0; lastKnownFileType = sourcecode.c.objc; name = CDVSound.m; path = "cordova-plugin-media/CDVSound.m"; sourceTree = "<group>"; };
		3D83E25EE33C47E2A3F132D1 /* CDVCapture.m */ = {isa = PBXFileReference; explicitFileType = undefined; fileEncoding = 4; includeInIndex = 0; lastKnownFileType = sourcecode.c.objc; name = CDVCapture.m; path = "cordova-plugin-media-capture/CDVCapture.m"; sourceTree = "<group>"; };
		3F8AEB29A9F244C684B13C49 /* UIImage+CropScaleOrientation.h */ = {isa = PBXFileReference; explicitFileType = undefined; fileEncoding = 4; includeInIndex = 0; lastKnownFileType = sourcecode.c.h; name = "UIImage+CropScaleOrientation.h"; path = "cordova-plugin-camera/UIImage+CropScaleOrientation.h"; sourceTree = "<group>"; };
		41F491314E1B4380841AAC56 /* CDVGlobalization.h */ = {isa = PBXFileReference; explicitFileType = undefined; fileEncoding = 4; includeInIndex = 0; lastKnownFileType = sourcecode.c.h; name = CDVGlobalization.h; path = "cordova-plugin-globalization/CDVGlobalization.h"; sourceTree = "<group>"; };
		4557A0A8C5264CA1B373F960 /* CDVLocalFilesystem.m */ = {isa = PBXFileReference; explicitFileType = undefined; fileEncoding = 4; includeInIndex = 0; lastKnownFileType = sourcecode.c.objc; name = CDVLocalFilesystem.m; path = "cordova-plugin-file/CDVLocalFilesystem.m"; sourceTree = "<group>"; };
		48F96520D16A4DB3B2C14D38 /* CDVBattery.h */ = {isa = PBXFileReference; explicitFileType = undefined; fileEncoding = 4; includeInIndex = 0; lastKnownFileType = sourcecode.c.h; name = CDVBattery.h; path = "cordova-plugin-battery-status/CDVBattery.h"; sourceTree = "<group>"; };
		4CDF58C493514AF5BB53E38D /* CDVJpegHeaderWriter.m */ = {isa = PBXFileReference; explicitFileType = undefined; fileEncoding = 4; includeInIndex = 0; lastKnownFileType = sourcecode.c.objc; name = CDVJpegHeaderWriter.m; path = "cordova-plugin-camera/CDVJpegHeaderWriter.m"; sourceTree = "<group>"; };
		4E0C3CEEF3E7442C819ABB94 /* AddressBookUI.framework */ = {isa = PBXFileReference; explicitFileType = undefined; fileEncoding = 9; includeInIndex = 0; lastKnownFileType = wrapper.framework; name = AddressBookUI.framework; path = System/Library/Frameworks/AddressBookUI.framework; sourceTree = SDKROOT; };
		58E4D844855E490CB381ECA2 /* CDVCompass.m */ = {isa = PBXFileReference; explicitFileType = undefined; fileEncoding = 4; includeInIndex = 0; lastKnownFileType = sourcecode.c.objc; name = CDVCompass.m; path = "cordova-plugin-device-orientation/CDVCompass.m"; sourceTree = "<group>"; };
		5A9B560BE588443892F782A3 /* CDVContacts.m */ = {isa = PBXFileReference; explicitFileType = undefined; fileEncoding = 4; includeInIndex = 0; lastKnownFileType = sourcecode.c.objc; name = CDVContacts.m; path = "cordova-plugin-contacts/CDVContacts.m"; sourceTree = "<group>"; };
		628160066A104EA0BE6D48FA /* CDVFileTransfer.m */ = {isa = PBXFileReference; explicitFileType = undefined; fileEncoding = 4; includeInIndex = 0; lastKnownFileType = sourcecode.c.objc; name = CDVFileTransfer.m; path = "cordova-plugin-file-transfer/CDVFileTransfer.m"; sourceTree = "<group>"; };
		6AFF5BF81D6E424B00AB3073 /* CDVLaunchScreen.storyboard */ = {isa = PBXFileReference; fileEncoding = 4; lastKnownFileType = file.storyboard; name = CDVLaunchScreen.storyboard; path = hello/CDVLaunchScreen.storyboard; sourceTree = SOURCE_ROOT; };
		6C99FAB8CEB44511AA4AE425 /* CDVContacts.h */ = {isa = PBXFileReference; explicitFileType = undefined; fileEncoding = 4; includeInIndex = 0; lastKnownFileType = sourcecode.c.h; name = CDVContacts.h; path = "cordova-plugin-contacts/CDVContacts.h"; sourceTree = "<group>"; };
		6D238D4813DE45AAABCE6C60 /* CDVDevice.h */ = {isa = PBXFileReference; explicitFileType = undefined; fileEncoding = 4; includeInIndex = 0; lastKnownFileType = sourcecode.c.h; name = CDVDevice.h; path = "cordova-plugin-device/CDVDevice.h"; sourceTree = "<group>"; };
		72160F75F8E14BA8A5359CBA /* CDVLocation.h */ = {isa = PBXFileReference; explicitFileType = undefined; fileEncoding = 4; includeInIndex = 0; lastKnownFileType = sourcecode.c.h; name = CDVLocation.h; path = "cordova-plugin-geolocation/CDVLocation.h"; sourceTree = "<group>"; };
		74F4F32E0866456B98152473 /* CDVLocation.m */ = {isa = PBXFileReference; explicitFileType = undefined; fileEncoding = 4; includeInIndex = 0; lastKnownFileType = sourcecode.c.objc; name = CDVLocation.m; path = "cordova-plugin-geolocation/CDVLocation.m"; sourceTree = "<group>"; };
		7655F29753E74563BF3ACF1B /* CDVStatusBar.m */ = {isa = PBXFileReference; explicitFileType = undefined; fileEncoding = 4; includeInIndex = 0; lastKnownFileType = sourcecode.c.objc; name = CDVStatusBar.m; path = "cordova-plugin-statusbar/CDVStatusBar.m"; sourceTree = "<group>"; };
		7884B932481C433D857EB606 /* CDVLogger.h */ = {isa = PBXFileReference; explicitFileType = undefined; fileEncoding = 4; includeInIndex = 0; lastKnownFileType = sourcecode.c.h; name = CDVLogger.h; path = "cordova-plugin-console/CDVLogger.h"; sourceTree = "<group>"; };
		78AACF21EC564F49A57D2B55 /* CDVJpegHeaderWriter.h */ = {isa = PBXFileReference; explicitFileType = undefined; fileEncoding = 4; includeInIndex = 0; lastKnownFileType = sourcecode.c.h; name = CDVJpegHeaderWriter.h; path = "cordova-plugin-camera/CDVJpegHeaderWriter.h"; sourceTree = "<group>"; };
		7B159504AB904DE6927717A8 /* CDVViewController+SplashScreen.h */ = {isa = PBXFileReference; explicitFileType = undefined; fileEncoding = 4; includeInIndex = 0; lastKnownFileType = sourcecode.c.h; name = "CDVViewController+SplashScreen.h"; path = "cordova-plugin-splashscreen/CDVViewController+SplashScreen.h"; sourceTree = "<group>"; };
		7BF389B198314C03A323C61E /* CDVReachability.h */ = {isa = PBXFileReference; explicitFileType = undefined; fileEncoding = 4; includeInIndex = 0; lastKnownFileType = sourcecode.c.h; name = CDVReachability.h; path = "cordova-plugin-network-information/CDVReachability.h"; sourceTree = "<group>"; };
		7DE1C19F8B1D4284B932F30F /* CDVViewController+SplashScreen.m */ = {isa = PBXFileReference; explicitFileType = undefined; fileEncoding = 4; includeInIndex = 0; lastKnownFileType = sourcecode.c.objc; name = "CDVViewController+SplashScreen.m"; path = "cordova-plugin-splashscreen/CDVViewController+SplashScreen.m"; sourceTree = "<group>"; };
		822283EE2B954B5EADB6EA91 /* CDVStatusBar.h */ = {isa = PBXFileReference; explicitFileType = undefined; fileEncoding = 4; includeInIndex = 0; lastKnownFileType = sourcecode.c.h; name = CDVStatusBar.h; path = "cordova-plugin-statusbar/CDVStatusBar.h"; sourceTree = "<group>"; };
		8D1107310486CEB800E47090 /* hello-Info.plist */ = {isa = PBXFileReference; fileEncoding = 4; lastKnownFileType = text.plist.xml; name = "hello-Info.plist"; path = "hello/hello-Info.plist"; plistStructureDefinitionIdentifier = "com.apple.xcode.plist.structure-definition.iphone.info-plist"; sourceTree = SOURCE_ROOT; };
		92A4D685E4A249A591DE5880 /* CDVGlobalization.m */ = {isa = PBXFileReference; explicitFileType = undefined; fileEncoding = 4; includeInIndex = 0; lastKnownFileType = sourcecode.c.objc; name = CDVGlobalization.m; path = "cordova-plugin-globalization/CDVGlobalization.m"; sourceTree = "<group>"; };
		9A25886CECA94353B7FF5922 /* AudioToolbox.framework */ = {isa = PBXFileReference; explicitFileType = undefined; fileEncoding = 9; includeInIndex = 0; lastKnownFileType = wrapper.framework; name = AudioToolbox.framework; path = System/Library/Frameworks/AudioToolbox.framework; sourceTree = SDKROOT; };
		9CF246033680422EA5AC385B /* CDVNotification.m */ = {isa = PBXFileReference; explicitFileType = undefined; fileEncoding = 4; includeInIndex = 0; lastKnownFileType = sourcecode.c.objc; name = CDVNotification.m; path = "cordova-plugin-dialogs/CDVNotification.m"; sourceTree = "<group>"; };
		9E6A2C508FA8469F9F38582A /* CDVFile.h */ = {isa = PBXFileReference; explicitFileType = undefined; fileEncoding = 4; includeInIndex = 0; lastKnownFileType = sourcecode.c.h; name = CDVFile.h; path = "cordova-plugin-file/CDVFile.h"; sourceTree = "<group>"; };
		9F184C9377DA4531A3BE33B9 /* SystemConfiguration.framework */ = {isa = PBXFileReference; explicitFileType = undefined; fileEncoding = 9; includeInIndex = 0; lastKnownFileType = wrapper.framework; name = SystemConfiguration.framework; path = System/Library/Frameworks/SystemConfiguration.framework; sourceTree = SDKROOT; };
		A8900DBA9CC94CCBA677B8FA /* CDVAccelerometer.h */ = {isa = PBXFileReference; explicitFileType = undefined; fileEncoding = 4; includeInIndex = 0; lastKnownFileType = sourcecode.c.h; name = CDVAccelerometer.h; path = "cordova-plugin-device-motion/CDVAccelerometer.h"; sourceTree = "<group>"; };
		A8C6842F19E44BDABEBAD8C2 /* libz.tbd */ = {isa = PBXFileReference; explicitFileType = undefined; fileEncoding = 9; includeInIndex = 0; lastKnownFileType = "sourcecode.text-based-dylib-definition"; name = libz.tbd; path = usr/lib/libz.tbd; sourceTree = SDKROOT; };
		AC4DC45525D440A187712054 /* CDVCamera.h */ = {isa = PBXFileReference; explicitFileType = undefined; fileEncoding = 4; includeInIndex = 0; lastKnownFileType = sourcecode.c.h; name = CDVCamera.h; path = "cordova-plugin-camera/CDVCamera.h"; sourceTree = "<group>"; };
		AD8D42471B1B4DC9884142D9 /* CDVExif.h */ = {isa = PBXFileReference; explicitFileType = undefined; fileEncoding = 4; includeInIndex = 0; lastKnownFileType = sourcecode.c.h; name = CDVExif.h; path = "cordova-plugin-camera/CDVExif.h"; sourceTree = "<group>"; };
		B056D1E70FB94D4995699C1F /* CDVSound.h */ = {isa = PBXFileReference; explicitFileType = undefined; fileEncoding = 4; includeInIndex = 0; lastKnownFileType = sourcecode.c.h; name = CDVSound.h; path = "cordova-plugin-media/CDVSound.h"; sourceTree = "<group>"; };
		B6A8436173B243438819EBD0 /* CDVLogger.m */ = {isa = PBXFileReference; explicitFileType = undefined; fileEncoding = 4; includeInIndex = 0; lastKnownFileType = sourcecode.c.objc; name = CDVLogger.m; path = "cordova-plugin-console/CDVLogger.m"; sourceTree = "<group>"; };
		B7B47BAD2FAB4CF7812F493E /* CDVFile.m */ = {isa = PBXFileReference; explicitFileType = undefined; fileEncoding = 4; includeInIndex = 0; lastKnownFileType = sourcecode.c.objc; name = CDVFile.m; path = "cordova-plugin-file/CDVFile.m"; sourceTree = "<group>"; };
		B8CE55A633AB42FC9FBB9F35 /* CDVConnection.h */ = {isa = PBXFileReference; explicitFileType = undefined; fileEncoding = 4; includeInIndex = 0; lastKnownFileType = sourcecode.c.h; name = CDVConnection.h; path = "cordova-plugin-network-information/CDVConnection.h"; sourceTree = "<group>"; };
		C1743E87BD1B4ADDB10AC464 /* CDVNotification.h */ = {isa = PBXFileReference; explicitFileType = undefined; fileEncoding = 4; includeInIndex = 0; lastKnownFileType = sourcecode.c.h; name = CDVNotification.h; path = "cordova-plugin-dialogs/CDVNotification.h"; sourceTree = "<group>"; };
		C793D598D1F74946B8AEF78E /* CDVCompass.h */ = {isa = PBXFileReference; explicitFileType = undefined; fileEncoding = 4; includeInIndex = 0; lastKnownFileType = sourcecode.c.h; name = CDVCompass.h; path = "cordova-plugin-device-orientation/CDVCompass.h"; sourceTree = "<group>"; };
		CAC2CAA6C7E04C75974E8CA8 /* CDVBattery.m */ = {isa = PBXFileReference; explicitFileType = undefined; fileEncoding = 4; includeInIndex = 0; lastKnownFileType = sourcecode.c.objc; name = CDVBattery.m; path = "cordova-plugin-battery-status/CDVBattery.m"; sourceTree = "<group>"; };
		E1718CD6499A48C7960AA75E /* UIImage+CropScaleOrientation.m */ = {isa = PBXFileReference; explicitFileType = undefined; fileEncoding = 4; includeInIndex = 0; lastKnownFileType = sourcecode.c.objc; name = "UIImage+CropScaleOrientation.m"; path = "cordova-plugin-camera/UIImage+CropScaleOrientation.m"; sourceTree = "<group>"; };
		E548165FB90D4DA2B9D0DB27 /* CDVContact.m */ = {isa = PBXFileReference; explicitFileType = undefined; fileEncoding = 4; includeInIndex = 0; lastKnownFileType = sourcecode.c.objc; name = CDVContact.m; path = "cordova-plugin-contacts/CDVContact.m"; sourceTree = "<group>"; };
		E66E99B48D3A46F4B0412328 /* CDVCamera.m */ = {isa = PBXFileReference; explicitFileType = undefined; fileEncoding = 4; includeInIndex = 0; lastKnownFileType = sourcecode.c.objc; name = CDVCamera.m; path = "cordova-plugin-camera/CDVCamera.m"; sourceTree = "<group>"; };
		E8A7EEDB3AC141598641271A /* CDVConnection.m */ = {isa = PBXFileReference; explicitFileType = undefined; fileEncoding = 4; includeInIndex = 0; lastKnownFileType = sourcecode.c.objc; name = CDVConnection.m; path = "cordova-plugin-network-information/CDVConnection.m"; sourceTree = "<group>"; };
		E8D15F6D6C02441091D7A1DD /* CDVInAppBrowser.h */ = {isa = PBXFileReference; explicitFileType = undefined; fileEncoding = 4; includeInIndex = 0; lastKnownFileType = sourcecode.c.h; name = CDVInAppBrowser.h; path = "cordova-plugin-inappbrowser/CDVInAppBrowser.h"; sourceTree = "<group>"; };
		EB87FDF31871DA8E0020F90C /* www */ = {isa = PBXFileReference; lastKnownFileType = folder; name = www; path = ../../www; sourceTree = "<group>"; };
		EB87FDF41871DAF40020F90C /* config.xml */ = {isa = PBXFileReference; lastKnownFileType = text.xml; name = config.xml; path = ../../config.xml; sourceTree = "<group>"; };
		ED33DF2A687741AEAF9F8254 /* Bridging-Header.h */ = {isa = PBXFileReference; fileEncoding = 4; lastKnownFileType = sourcecode.c.h; path = "Bridging-Header.h"; sourceTree = "<group>"; };
		EDB2A15E9F2640619FD0759C /* CDVNotification.bundle */ = {isa = PBXFileReference; explicitFileType = undefined; fileEncoding = 9; includeInIndex = 0; lastKnownFileType = "wrapper.plug-in"; path = CDVNotification.bundle; sourceTree = "<group>"; };
		F081C20307E34BD4BF4DEAC8 /* ImageIO.framework */ = {isa = PBXFileReference; explicitFileType = undefined; fileEncoding = 9; includeInIndex = 0; lastKnownFileType = wrapper.framework; name = ImageIO.framework; path = System/Library/Frameworks/ImageIO.framework; sourceTree = SDKROOT; };
		F840E1F0165FE0F500CFE078 /* config.xml */ = {isa = PBXFileReference; lastKnownFileType = text.xml; name = config.xml; path = hello/config.xml; sourceTree = "<group>"; };
/* End PBXFileReference section */

/* Begin PBXFrameworksBuildPhase section */
		1D60588F0D05DD3D006BFB54 /* Frameworks */ = {
			isa = PBXFrameworksBuildPhase;
			buildActionMask = 2147483647;
			files = (
				301BF552109A68D80062928A /* libCordova.a in Frameworks */,
				CBDF66E237674BAFAC789593 /* ImageIO.framework in Frameworks */,
				9A52CC445F93438F9245964F /* CoreLocation.framework in Frameworks */,
				74516FC2B2094948AFCFF587 /* AVFoundation.framework in Frameworks */,
				63055809111F49E6A5406FEE /* AddressBook.framework in Frameworks */,
				AC05FD7BB96B4C77908C749D /* AddressBookUI.framework in Frameworks */,
				BC43D2E33E664D5DBC783F4A /* libz.tbd in Frameworks */,
				33146382FBCA436A97C688E6 /* CoreMotion.framework in Frameworks */,
				BCD8A8CBC8FC465991C7E033 /* AudioToolbox.framework in Frameworks */,
				F6F754D8A65145AEABFEC248 /* SystemConfiguration.framework in Frameworks */,
				A5201B66A33948A1AC542DDA /* CoreTelephony.framework in Frameworks */,
			);
			runOnlyForDeploymentPostprocessing = 0;
		};
/* End PBXFrameworksBuildPhase section */

/* Begin PBXGroup section */
		080E96DDFE201D6D7F000001 /* Classes */ = {
			isa = PBXGroup;
			children = (
				302D95EE14D2391D003F00A1 /* MainViewController.h */,
				302D95EF14D2391D003F00A1 /* MainViewController.m */,
				302D95F014D2391D003F00A1 /* MainViewController.xib */,
				1D3623240D0F684500981E51 /* AppDelegate.h */,
				1D3623250D0F684500981E51 /* AppDelegate.m */,
			);
			name = Classes;
			path = hello/Classes;
			sourceTree = SOURCE_ROOT;
		};
		19C28FACFE9D520D11CA2CBB /* Products */ = {
			isa = PBXGroup;
			children = (
				1D6058910D05DD3D006BFB54 /* hello.app */,
			);
			name = Products;
			sourceTree = "<group>";
		};
		29B97314FDCFA39411CA2CEA /* CustomTemplate */ = {
			isa = PBXGroup;
			children = (
				EB87FDF41871DAF40020F90C /* config.xml */,
				EB87FDF31871DA8E0020F90C /* www */,
				EB87FDF11871DA420020F90C /* Staging */,
				301BF52D109A57CC0062928A /* CordovaLib/CordovaLib.xcodeproj */,
				080E96DDFE201D6D7F000001 /* Classes */,
				307C750510C5A3420062BCA9 /* Plugins */,
				29B97315FDCFA39411CA2CEA /* Other Sources */,
				29B97317FDCFA39411CA2CEA /* Resources */,
				29B97323FDCFA39411CA2CEA /* Frameworks */,
				19C28FACFE9D520D11CA2CBB /* Products */,
			);
			name = CustomTemplate;
			sourceTree = "<group>";
		};
		29B97315FDCFA39411CA2CEA /* Other Sources */ = {
			isa = PBXGroup;
			children = (
				32CA4F630368D1EE00C91783 /* hello-Prefix.pch */,
				29B97316FDCFA39411CA2CEA /* main.m */,
				ED33DF2A687741AEAF9F8254 /* Bridging-Header.h */,
			);
			name = "Other Sources";
			path = hello;
			sourceTree = "<group>";
		};
		29B97317FDCFA39411CA2CEA /* Resources */ = {
			isa = PBXGroup;
			children = (
				0207DA571B56EA530066E2B4 /* Images.xcassets */,
				3047A50E1AB8057F00498E2A /* config */,
				8D1107310486CEB800E47090 /* hello-Info.plist */,
				6AFF5BF81D6E424B00AB3073 /* CDVLaunchScreen.storyboard */,
				EDB2A15E9F2640619FD0759C /* CDVNotification.bundle */,
				0B78696CC1774FBEB1431A70 /* CDVCapture.bundle */,
			);
			name = Resources;
			path = hello/Resources;
			sourceTree = "<group>";
		};
		29B97323FDCFA39411CA2CEA /* Frameworks */ = {
			isa = PBXGroup;
			children = (
				F081C20307E34BD4BF4DEAC8 /* ImageIO.framework */,
				0B4927CDD5D0429A8F588D7B /* CoreLocation.framework */,
				226CE6BBAB0F42349CED2152 /* AVFoundation.framework */,
				22CE687F5D974B11B624DD43 /* AddressBook.framework */,
				4E0C3CEEF3E7442C819ABB94 /* AddressBookUI.framework */,
				A8C6842F19E44BDABEBAD8C2 /* libz.tbd */,
				36E56BDADE184EF1AE745AF1 /* CoreMotion.framework */,
				9A25886CECA94353B7FF5922 /* AudioToolbox.framework */,
				9F184C9377DA4531A3BE33B9 /* SystemConfiguration.framework */,
				222FD402BAF14B48AFC2E3C3 /* CoreTelephony.framework */,
			);
			name = Frameworks;
			sourceTree = "<group>";
		};
		301BF52E109A57CC0062928A /* Products */ = {
			isa = PBXGroup;
			children = (
				301BF535109A57CC0062928A /* libCordova.a */,
				DA6C2584206811AC0056DC7F /* Cordova.framework */,
			);
			name = Products;
			sourceTree = "<group>";
		};
		3047A50E1AB8057F00498E2A /* config */ = {
			isa = PBXGroup;
			children = (
				3047A50F1AB8059700498E2A /* build-debug.xcconfig */,
				3047A5101AB8059700498E2A /* build-release.xcconfig */,
				3047A5111AB8059700498E2A /* build.xcconfig */,
			);
			name = config;
			sourceTree = "<group>";
		};
		307C750510C5A3420062BCA9 /* Plugins */ = {
			isa = PBXGroup;
			children = (
				CAC2CAA6C7E04C75974E8CA8 /* CDVBattery.m */,
				48F96520D16A4DB3B2C14D38 /* CDVBattery.h */,
				E1718CD6499A48C7960AA75E /* UIImage+CropScaleOrientation.m */,
				E66E99B48D3A46F4B0412328 /* CDVCamera.m */,
				4CDF58C493514AF5BB53E38D /* CDVJpegHeaderWriter.m */,
				3F8AEB29A9F244C684B13C49 /* UIImage+CropScaleOrientation.h */,
				AC4DC45525D440A187712054 /* CDVCamera.h */,
				78AACF21EC564F49A57D2B55 /* CDVJpegHeaderWriter.h */,
				AD8D42471B1B4DC9884142D9 /* CDVExif.h */,
				B6A8436173B243438819EBD0 /* CDVLogger.m */,
				7884B932481C433D857EB606 /* CDVLogger.h */,
				5A9B560BE588443892F782A3 /* CDVContacts.m */,
				E548165FB90D4DA2B9D0DB27 /* CDVContact.m */,
				6C99FAB8CEB44511AA4AE425 /* CDVContacts.h */,
				235BE2DA859E4A55B65AA61C /* CDVContact.h */,
				1E680DBEB3F148DAAC9428E9 /* CDVDevice.m */,
				6D238D4813DE45AAABCE6C60 /* CDVDevice.h */,
				256237485BB348C892D0089B /* CDVAccelerometer.m */,
				A8900DBA9CC94CCBA677B8FA /* CDVAccelerometer.h */,
				58E4D844855E490CB381ECA2 /* CDVCompass.m */,
				C793D598D1F74946B8AEF78E /* CDVCompass.h */,
				9CF246033680422EA5AC385B /* CDVNotification.m */,
				C1743E87BD1B4ADDB10AC464 /* CDVNotification.h */,
				B7B47BAD2FAB4CF7812F493E /* CDVFile.m */,
				4557A0A8C5264CA1B373F960 /* CDVLocalFilesystem.m */,
				0D418E3854E24A64B32458E5 /* CDVAssetLibraryFilesystem.m */,
				9E6A2C508FA8469F9F38582A /* CDVFile.h */,
				173CC84B7ECF4E69ACE5DE9C /* CDVLocalFilesystem.h */,
				191F54EC44CC47B3B097C392 /* CDVAssetLibraryFilesystem.h */,
				628160066A104EA0BE6D48FA /* CDVFileTransfer.m */,
				31C19BB1D388492F9AEDB882 /* CDVFileTransfer.h */,
				74F4F32E0866456B98152473 /* CDVLocation.m */,
				72160F75F8E14BA8A5359CBA /* CDVLocation.h */,
				92A4D685E4A249A591DE5880 /* CDVGlobalization.m */,
				41F491314E1B4380841AAC56 /* CDVGlobalization.h */,
				0EA87ED1EBF4497CB68B792B /* CDVInAppBrowser.m */,
				E8D15F6D6C02441091D7A1DD /* CDVInAppBrowser.h */,
				3C1C21B088704784B9E6D8EA /* CDVSound.m */,
				B056D1E70FB94D4995699C1F /* CDVSound.h */,
				3D83E25EE33C47E2A3F132D1 /* CDVCapture.m */,
				107293DA65F94C6282EB63AB /* CDVCapture.h */,
				E8A7EEDB3AC141598641271A /* CDVConnection.m */,
				2601115BA53A44339EA7BF63 /* CDVReachability.m */,
				B8CE55A633AB42FC9FBB9F35 /* CDVConnection.h */,
				7BF389B198314C03A323C61E /* CDVReachability.h */,
				01EFFFCDD5E942D2949ED29C /* CDVSplashScreen.m */,
				7DE1C19F8B1D4284B932F30F /* CDVViewController+SplashScreen.m */,
				0F345FD8F13A4F6C87EAE331 /* CDVSplashScreen.h */,
				7B159504AB904DE6927717A8 /* CDVViewController+SplashScreen.h */,
				7655F29753E74563BF3ACF1B /* CDVStatusBar.m */,
				822283EE2B954B5EADB6EA91 /* CDVStatusBar.h */,
				0A4597956694424299A9A249 /* CDVVibration.m */,
				39805F52F0714288A1587C9E /* CDVVibration.h */,
			);
			name = Plugins;
			path = hello/Plugins;
			sourceTree = SOURCE_ROOT;
		};
		EB87FDF11871DA420020F90C /* Staging */ = {
			isa = PBXGroup;
			children = (
				F840E1F0165FE0F500CFE078 /* config.xml */,
				301BF56E109A69640062928A /* www */,
			);
			name = Staging;
			sourceTree = "<group>";
		};
/* End PBXGroup section */

/* Begin PBXNativeTarget section */
		1D6058900D05DD3D006BFB54 /* hello */ = {
			isa = PBXNativeTarget;
			buildConfigurationList = 1D6058960D05DD3E006BFB54 /* Build configuration list for PBXNativeTarget "hello" */;
			buildPhases = (
				304B58A110DAC018002A0835 /* Copy www directory */,
				1D60588D0D05DD3D006BFB54 /* Resources */,
				1D60588E0D05DD3D006BFB54 /* Sources */,
				1D60588F0D05DD3D006BFB54 /* Frameworks */,
			);
			buildRules = (
			);
			dependencies = (
				301BF551109A68C00062928A /* PBXTargetDependency */,
			);
			name = hello;
			productName = hello;
			productReference = 1D6058910D05DD3D006BFB54 /* hello.app */;
			productType = "com.apple.product-type.application";
		};
/* End PBXNativeTarget section */

/* Begin PBXProject section */
		29B97313FDCFA39411CA2CEA /* Project object */ = {
			isa = PBXProject;
			attributes = {
				LastUpgradeCheck = 510;
			};
			buildConfigurationList = C01FCF4E08A954540054247B /* Build configuration list for PBXProject "hello" */;
			compatibilityVersion = "Xcode 3.2";
			developmentRegion = English;
			hasScannedForEncodings = 1;
			knownRegions = (
				en,
			);
			mainGroup = 29B97314FDCFA39411CA2CEA /* CustomTemplate */;
			projectDirPath = "";
			projectReferences = (
				{
					ProductGroup = 301BF52E109A57CC0062928A /* Products */;
					ProjectRef = 301BF52D109A57CC0062928A /* CordovaLib/CordovaLib.xcodeproj */;
				},
			);
			projectRoot = "";
			targets = (
				1D6058900D05DD3D006BFB54 /* hello */,
			);
		};
/* End PBXProject section */

/* Begin PBXReferenceProxy section */
		301BF535109A57CC0062928A /* libCordova.a */ = {
			isa = PBXReferenceProxy;
			fileType = archive.ar;
			path = libCordova.a;
			remoteRef = 301BF534109A57CC0062928A /* PBXContainerItemProxy */;
			sourceTree = BUILT_PRODUCTS_DIR;
		};
		DA6C2584206811AC0056DC7F /* Cordova.framework */ = {
			isa = PBXReferenceProxy;
			fileType = wrapper.framework;
			path = Cordova.framework;
			remoteRef = DA6C2583206811AC0056DC7F /* PBXContainerItemProxy */;
			sourceTree = BUILT_PRODUCTS_DIR;
		};
/* End PBXReferenceProxy section */

/* Begin PBXResourcesBuildPhase section */
		1D60588D0D05DD3D006BFB54 /* Resources */ = {
			isa = PBXResourcesBuildPhase;
			buildActionMask = 2147483647;
			files = (
				302D95F214D2391D003F00A1 /* MainViewController.xib in Resources */,
				0207DA581B56EA530066E2B4 /* Images.xcassets in Resources */,
				6AFF5BF91D6E424B00AB3073 /* CDVLaunchScreen.storyboard in Resources */,
				C3E5527A79B842E299B50221 /* CDVNotification.bundle in Resources */,
				0C57CBA7CC8C434298F0334D /* CDVCapture.bundle in Resources */,
			);
			runOnlyForDeploymentPostprocessing = 0;
		};
/* End PBXResourcesBuildPhase section */

/* Begin PBXShellScriptBuildPhase section */
		304B58A110DAC018002A0835 /* Copy www directory */ = {
			isa = PBXShellScriptBuildPhase;
			buildActionMask = 2147483647;
			files = (
			);
			inputPaths = (
			);
			name = "Copy www directory";
			outputPaths = (
			);
			runOnlyForDeploymentPostprocessing = 0;
			shellPath = /bin/sh;
			shellScript = "NODEJS_PATH=/usr/local/bin; NVM_NODE_PATH=~/.nvm/versions/node/`nvm version 2>/dev/null`/bin; N_NODE_PATH=`find /usr/local/n/versions/node/* -maxdepth 0 -type d 2>/dev/null | tail -1`/bin; XCODE_NODE_PATH=`xcode-select --print-path`/usr/share/xcs/Node/bin; PATH=$NODEJS_PATH:$NVM_NODE_PATH:$N_NODE_PATH:$XCODE_NODE_PATH:$PATH && node cordova/lib/copy-www-build-step.js";
			showEnvVarsInLog = 0;
		};
/* End PBXShellScriptBuildPhase section */

/* Begin PBXSourcesBuildPhase section */
		1D60588E0D05DD3D006BFB54 /* Sources */ = {
			isa = PBXSourcesBuildPhase;
			buildActionMask = 2147483647;
			files = (
				1D60589B0D05DD56006BFB54 /* main.m in Sources */,
				1D3623260D0F684500981E51 /* AppDelegate.m in Sources */,
				302D95F114D2391D003F00A1 /* MainViewController.m in Sources */,
				EBC71B913AC34E8FAFDCBE8D /* CDVBattery.m in Sources */,
				26DA89FC182E4B3097B77ACD /* UIImage+CropScaleOrientation.m in Sources */,
				B2429AFB5962459DB4ECCD1A /* CDVCamera.m in Sources */,
				A50A76B3E09A4074BA44BBA5 /* CDVJpegHeaderWriter.m in Sources */,
				1A0D147109DF48D49980C2CA /* CDVLogger.m in Sources */,
				139611A07F4446CA8A56D5E8 /* CDVContacts.m in Sources */,
				A00C4F50473D440DB6F35D26 /* CDVContact.m in Sources */,
				D225846DB7134A1DAF6E1E1F /* CDVDevice.m in Sources */,
				EAABABDD287A4092A61EB47F /* CDVAccelerometer.m in Sources */,
				F2B2F80A8E914A95A5E66344 /* CDVCompass.m in Sources */,
				CA34A9DC345A45FE97463480 /* CDVNotification.m in Sources */,
				1FA561779066499B9DC49AFA /* CDVFile.m in Sources */,
				CC754510781B4C3B9C3888E7 /* CDVLocalFilesystem.m in Sources */,
				C8EFECD20D89435EA0A9EB51 /* CDVAssetLibraryFilesystem.m in Sources */,
				4C2CE104E9524763A66938EB /* CDVFileTransfer.m in Sources */,
				2EF6115FDE944B9E8CCE1158 /* CDVLocation.m in Sources */,
				B47F8AF719F8415E8EA672C3 /* CDVGlobalization.m in Sources */,
				CB8C3D2AB78E44659EF69340 /* CDVInAppBrowser.m in Sources */,
				D47E9F0AA94C43F08783CA7F /* CDVSound.m in Sources */,
				DF9DAB8E0DB4497F996DCFCC /* CDVCapture.m in Sources */,
				C6DBBCE6AFAA4B6FA3597D68 /* CDVConnection.m in Sources */,
				F80532A216B04DCF843FE95F /* CDVReachability.m in Sources */,
				E558878ABDDB4E82914F925D /* CDVSplashScreen.m in Sources */,
				F55AAE4C86E14DFFA5B28558 /* CDVViewController+SplashScreen.m in Sources */,
				4AC5F77E000C4908B224ADC4 /* CDVStatusBar.m in Sources */,
				1900192779A04896B26086AD /* CDVVibration.m in Sources */,
			);
			runOnlyForDeploymentPostprocessing = 0;
		};
/* End PBXSourcesBuildPhase section */

/* Begin PBXTargetDependency section */
		301BF551109A68C00062928A /* PBXTargetDependency */ = {
			isa = PBXTargetDependency;
			name = CordovaLib;
			targetProxy = 301BF550109A68C00062928A /* PBXContainerItemProxy */;
		};
/* End PBXTargetDependency section */

/* Begin XCBuildConfiguration section */
		1D6058940D05DD3E006BFB54 /* Debug */ = {
			isa = XCBuildConfiguration;
			baseConfigurationReference = 3047A50F1AB8059700498E2A /* build-debug.xcconfig */;
			buildSettings = {
				ALWAYS_SEARCH_USER_PATHS = NO;
				ASSETCATALOG_COMPILER_APPICON_NAME = AppIcon;
				ASSETCATALOG_COMPILER_LAUNCHIMAGE_NAME = LaunchImage;
				CLANG_ENABLE_MODULES = YES;
				CLANG_ENABLE_OBJC_ARC = YES;
				COPY_PHASE_STRIP = NO;
				GCC_DYNAMIC_NO_PIC = NO;
				GCC_OPTIMIZATION_LEVEL = 0;
				GCC_PRECOMPILE_PREFIX_HEADER = YES;
				GCC_PREFIX_HEADER = "hello/hello-Prefix.pch";
				GCC_THUMB_SUPPORT = NO;
				GCC_VERSION = "";
				INFOPLIST_FILE = "hello/hello-Info.plist";
				IPHONEOS_DEPLOYMENT_TARGET = 9.0;
				LD_RUNPATH_SEARCH_PATHS = "@executable_path/Frameworks";
				PRODUCT_NAME = hello;
				TARGETED_DEVICE_FAMILY = "1,2";
			};
			name = Debug;
		};
		1D6058950D05DD3E006BFB54 /* Release */ = {
			isa = XCBuildConfiguration;
			baseConfigurationReference = 3047A5101AB8059700498E2A /* build-release.xcconfig */;
			buildSettings = {
				ALWAYS_SEARCH_USER_PATHS = NO;
				ASSETCATALOG_COMPILER_APPICON_NAME = AppIcon;
				ASSETCATALOG_COMPILER_LAUNCHIMAGE_NAME = LaunchImage;
				CLANG_ENABLE_MODULES = YES;
				CLANG_ENABLE_OBJC_ARC = YES;
				COPY_PHASE_STRIP = YES;
				GCC_PRECOMPILE_PREFIX_HEADER = YES;
				GCC_PREFIX_HEADER = "hello/hello-Prefix.pch";
				GCC_THUMB_SUPPORT = NO;
				GCC_VERSION = "";
				INFOPLIST_FILE = "hello/hello-Info.plist";
				IPHONEOS_DEPLOYMENT_TARGET = 9.0;
				LD_RUNPATH_SEARCH_PATHS = "@executable_path/Frameworks";
				PRODUCT_NAME = hello;
				TARGETED_DEVICE_FAMILY = "1,2";
			};
			name = Release;
		};
		C01FCF4F08A954540054247B /* Debug */ = {
			isa = XCBuildConfiguration;
			baseConfigurationReference = 3047A5111AB8059700498E2A /* build.xcconfig */;
			buildSettings = {
				ASSETCATALOG_COMPILER_LAUNCHIMAGE_NAME = LaunchImage;
				CLANG_ENABLE_MODULES = YES;
				CLANG_ENABLE_OBJC_ARC = YES;
				CLANG_WARN_BOOL_CONVERSION = YES;
				CLANG_WARN_CONSTANT_CONVERSION = YES;
				CLANG_WARN_EMPTY_BODY = YES;
				CLANG_WARN_ENUM_CONVERSION = YES;
				CLANG_WARN_INT_CONVERSION = YES;
				CLANG_WARN__DUPLICATE_METHOD_MATCH = YES;
				GCC_C_LANGUAGE_STANDARD = c99;
				GCC_THUMB_SUPPORT = NO;
				GCC_VERSION = "";
				GCC_WARN_ABOUT_RETURN_TYPE = YES;
				GCC_WARN_UNDECLARED_SELECTOR = YES;
				GCC_WARN_UNINITIALIZED_AUTOS = YES;
				GCC_WARN_UNUSED_FUNCTION = YES;
				GCC_WARN_UNUSED_VARIABLE = YES;
				ONLY_ACTIVE_ARCH = YES;
				SDKROOT = iphoneos;
				SKIP_INSTALL = NO;
			};
			name = Debug;
		};
		C01FCF5008A954540054247B /* Release */ = {
			isa = XCBuildConfiguration;
			baseConfigurationReference = 3047A5111AB8059700498E2A /* build.xcconfig */;
			buildSettings = {
				ASSETCATALOG_COMPILER_LAUNCHIMAGE_NAME = LaunchImage;
				CLANG_ENABLE_MODULES = YES;
				CLANG_ENABLE_OBJC_ARC = YES;
				CLANG_WARN_BOOL_CONVERSION = YES;
				CLANG_WARN_CONSTANT_CONVERSION = YES;
				CLANG_WARN_EMPTY_BODY = YES;
				CLANG_WARN_ENUM_CONVERSION = YES;
				CLANG_WARN_INT_CONVERSION = YES;
				CLANG_WARN__DUPLICATE_METHOD_MATCH = YES;
				GCC_C_LANGUAGE_STANDARD = c99;
				GCC_THUMB_SUPPORT = NO;
				GCC_VERSION = "";
				GCC_WARN_ABOUT_RETURN_TYPE = YES;
				GCC_WARN_UNDECLARED_SELECTOR = YES;
				GCC_WARN_UNINITIALIZED_AUTOS = YES;
				GCC_WARN_UNUSED_FUNCTION = YES;
				GCC_WARN_UNUSED_VARIABLE = YES;
				SDKROOT = iphoneos;
				SKIP_INSTALL = NO;
			};
			name = Release;
		};
/* End XCBuildConfiguration section */

/* Begin XCConfigurationList section */
		1D6058960D05DD3E006BFB54 /* Build configuration list for PBXNativeTarget "hello" */ = {
			isa = XCConfigurationList;
			buildConfigurations = (
				1D6058940D05DD3E006BFB54 /* Debug */,
				1D6058950D05DD3E006BFB54 /* Release */,
			);
			defaultConfigurationIsVisible = 0;
			defaultConfigurationName = Release;
		};
		C01FCF4E08A954540054247B /* Build configuration list for PBXProject "hello" */ = {
			isa = XCConfigurationList;
			buildConfigurations = (
				C01FCF4F08A954540054247B /* Debug */,
				C01FCF5008A954540054247B /* Release */,
			);
			defaultConfigurationIsVisible = 0;
			defaultConfigurationName = Release;
		};
/* End XCConfigurationList section */
	};
	rootObject = 29B97313FDCFA39411CA2CEA /* Project object */;
}
